
Microsoft Visual Studio Solution File, Format Version 12.00
# Visual Studio Version 16
VisualStudioVersion = 16.0.31605.320
MinimumVisualStudioVersion = 10.0.40219.1
Project("{FAE04EC0-301F-11D3-BF4B-00C04F79EFBC}") = "BinaryDifference", "BinaryDifference\BinaryDifference.csproj", "{BBD319F2-69CB-449B-A397-A4478972B16F}"
EndProject
Global
	GlobalSection(SolutionConfigurationPlatforms) = preSolution
		Debug|Any CPU = Debug|Any CPU
		Release|Any CPU = Release|Any CPU
	EndGlobalSection
	GlobalSection(ProjectConfigurationPlatforms) = postSolution
		{BBD319F2-69CB-449B-A397-A4478972B16F}.Debug|Any CPU.ActiveCfg = Debug|Any CPU
		{BBD319F2-69CB-449B-A397-A4478972B16F}.Debug|Any CPU.Build.0 = Debug|Any CPU
		{BBD319F2-69CB-449B-A397-A4478972B16F}.Release|Any CPU.ActiveCfg = Release|Any CPU
		{BBD319F2-69CB-449B-A397-A4478972B16F}.Release|Any CPU.Build.0 = Release|Any CPU
	EndGlobalSection
	GlobalSection(SolutionProperties) = preSolution
		HideSolutionNode = FALSE
	EndGlobalSection
	GlobalSection(ExtensibilityGlobals) = postSolution
		SolutionGuid = {DC9629CE-25E9-4472-A099-32A7B4423CF6}
	EndGlobalSection
EndGlobal
